// !$*UTF8*$!
{
	archiveVersion = 1;
	classes = {
	};
	objectVersion = 46;
	objects = {
/* Begin PBXBuildFile section */
		0207DA581B56EA530066E2B4 /* Images.xcassets in Resources */ = {isa = PBXBuildFile; fileRef = 0207DA571B56EA530066E2B4 /* Images.xcassets */; };
		1D3623260D0F684500981E51 /* AppDelegate.m in Sources */ = {isa = PBXBuildFile; fileRef = 1D3623250D0F684500981E51 /* AppDelegate.m */; };
		1D60589B0D05DD56006BFB54 /* main.m in Sources */ = {isa = PBXBuildFile; fileRef = 29B97316FDCFA39411CA2CEA /* main.m */; };
		301BF552109A68D80062928A /* libCordova.a in Frameworks */ = {isa = PBXBuildFile; fileRef = 301BF535109A57CC0062928A /* libCordova.a */; };
		302D95F114D2391D003F00A1 /* MainViewController.m in Sources */ = {isa = PBXBuildFile; fileRef = 302D95EF14D2391D003F00A1 /* MainViewController.m */; };
		302D95F214D2391D003F00A1 /* MainViewController.xib in Resources */ = {isa = PBXBuildFile; fileRef = 302D95F014D2391D003F00A1 /* MainViewController.xib */; };
		3047A5121AB8059700498E2A /* build-debug.xcconfig in Resources */ = {isa = PBXBuildFile; fileRef = 3047A50F1AB8059700498E2A /* build-debug.xcconfig */; };
		3047A5131AB8059700498E2A /* build-release.xcconfig in Resources */ = {isa = PBXBuildFile; fileRef = 3047A5101AB8059700498E2A /* build-release.xcconfig */; };
		3047A5141AB8059700498E2A /* build.xcconfig in Resources */ = {isa = PBXBuildFile; fileRef = 3047A5111AB8059700498E2A /* build.xcconfig */; };
		6AFF5BF91D6E424B00AB3073 /* CDVLaunchScreen.storyboard in Resources */ = {isa = PBXBuildFile; fileRef = 6AFF5BF81D6E424B00AB3073 /* CDVLaunchScreen.storyboard */; };
		536E4FE622F043899B48E2ED /* CBTBrowserTab.m in Sources */ = {isa = PBXBuildFile; fileRef = FA81F04E03AC46B399ABFA14 /* CBTBrowserTab.m */; };
		CA301E0CC2B24FEDBA8574AC /* SafariServices.framework in Frameworks */ = {isa = PBXBuildFile; fileRef = 03101463965E41EA9F549D8A /* SafariServices.framework */; settings = {ATTRIBUTES = (Weak, ); }; };
		F52E456910BF4C7FAE757030 /* CDVBuildInfo.m in Sources */ = {isa = PBXBuildFile; fileRef = 102B2C917D6A468D85411736 /* CDVBuildInfo.m */; };
		22FFA04724A44A49A619BF44 /* UIImage+CropScaleOrientation.m in Sources */ = {isa = PBXBuildFile; fileRef = 64982FF904D74B7A897012E7 /* UIImage+CropScaleOrientation.m */; };
		2A5E6C2C3E934F2291C17E7A /* CDVCamera.m in Sources */ = {isa = PBXBuildFile; fileRef = 6CC770A6F91C43B3874500DF /* CDVCamera.m */; };
		65F0296E1FA04A5F995F51F3 /* CDVJpegHeaderWriter.m in Sources */ = {isa = PBXBuildFile; fileRef = 9EAAC1B6C2774F1A97A00878 /* CDVJpegHeaderWriter.m */; };
		B48374D3A52D486CB5C23941 /* ImageIO.framework in Frameworks */ = {isa = PBXBuildFile; fileRef = BCFD06B9F8EB42E69C57E11E /* ImageIO.framework */; settings = {ATTRIBUTES = (Weak, ); }; };
		D9A50408A1D949E599653818 /* CoreLocation.framework in Frameworks */ = {isa = PBXBuildFile; fileRef = 1C1D6AD323DF4529BF855C89 /* CoreLocation.framework */; };
		4A646619533648D6AFF7BCCA /* AVFoundation.framework in Frameworks */ = {isa = PBXBuildFile; fileRef = 96D9EB30B44E4877817231B4 /* AVFoundation.framework */; };
		4A09C402A18A4DFAB1781D03 /* CDVLogger.m in Sources */ = {isa = PBXBuildFile; fileRef = D3F06F39FA6248789495059A /* CDVLogger.m */; };
		697BD58E6EBE4EDE887A0335 /* CDVDevice.m in Sources */ = {isa = PBXBuildFile; fileRef = 9C5C2626F07E4E7EB5189C44 /* CDVDevice.m */; };
		323DB4B55EEF451EA6771C17 /* CDVInAppBrowser.m in Sources */ = {isa = PBXBuildFile; fileRef = 8E19901D9F574C6AA82A0935 /* CDVInAppBrowser.m */; };
		2AEDC7633F7D4242809D3A69 /* SecureStorage.m in Sources */ = {isa = PBXBuildFile; fileRef = 927B2A04F83A44A6B430F4F7 /* SecureStorage.m */; };
		9991E96B9AF6458CAAAD0718 /* SAMKeychain.m in Sources */ = {isa = PBXBuildFile; fileRef = 4608CEC65A6847608C3E59B3 /* SAMKeychain.m */; };
		BCCA8515FA86440DA7A8D0F9 /* SAMKeychainQuery.m in Sources */ = {isa = PBXBuildFile; fileRef = FD1ACBD89EE94E5DA116FEA9 /* SAMKeychainQuery.m */; };
		247FB2310A204C5285659151 /* SAMKeychain.bundle in Resources */ = {isa = PBXBuildFile; fileRef = 251ABBB6EE5A4D018886AAB6 /* SAMKeychain.bundle */; };
		FC0556DAC9484A14AA8DB492 /* Security.framework in Frameworks */ = {isa = PBXBuildFile; fileRef = 3679E6E371B14C47A32EE272 /* Security.framework */; };
		6EA943A737344EFD8395FDEB /* CDVSplashScreen.m in Sources */ = {isa = PBXBuildFile; fileRef = 9D87436269534528B16FE101 /* CDVSplashScreen.m */; };
		5D86CF2E0B834344A9595C55 /* CDVViewController+SplashScreen.m in Sources */ = {isa = PBXBuildFile; fileRef = 48D7837D43BB4ECBAFF7771E /* CDVViewController+SplashScreen.m */; };
		41675A4157AC44D4A5380D93 /* CDVStatusBar.m in Sources */ = {isa = PBXBuildFile; fileRef = D88CA40DCAC644E481374CEE /* CDVStatusBar.m */; };
		7A11E5FA96B0446A883A4D26 /* SQLitePlugin.m in Sources */ = {isa = PBXBuildFile; fileRef = 13CA19523B614F379299F4DB /* SQLitePlugin.m */; };
		7DA7DFD0D1CB4C43B36DDFD6 /* sqlite3.c in Resources */ = {isa = PBXBuildFile; fileRef = EEB4A580AD5944BCAFE94156 /* sqlite3.c */; settings = {COMPILER_FLAGS = "-DSQLITE_THREADSAFE=1 -DSQLITE_DEFAULT_MEMSTATUS=0 -DSQLITE_OMIT_DECLTYPE -DSQLITE_OMIT_DEPRECATED -DSQLITE_OMIT_PROGRESS_CALLBACK -DSQLITE_OMIT_SHARED_CACHE -DSQLITE_TEMP_STORE=2 -DSQLITE_OMIT_LOAD_EXTENSION -DSQLITE_ENABLE_FTS3 -DSQLITE_ENABLE_FTS3_PARENTHESIS -DSQLITE_ENABLE_FTS4 -DSQLITE_ENABLE_RTREE -DSQLITE_DEFAULT_PAGE_SIZE=1024 -DSQLITE_DEFAULT_CACHE_SIZE=2000"; }; };
		AF3300C37E954AD6A4C0D04D /* CULPlugin.m in Sources */ = {isa = PBXBuildFile; fileRef = A675F8B2B3384B21AFF7F74F /* CULPlugin.m */; };
		C9443782424A46D79BB6845D /* AppDelegate+CULPlugin.m in Sources */ = {isa = PBXBuildFile; fileRef = 6BC0A0A015AA4B2A956B2887 /* AppDelegate+CULPlugin.m */; };
		D3DD846AEF9244E7BA0BA70F /* CDVPluginResult+CULPlugin.m in Sources */ = {isa = PBXBuildFile; fileRef = DA8DDF9DAF4A4270B6AFCD1D /* CDVPluginResult+CULPlugin.m */; };
		5F7E0CE73DC1402BBC200B9D /* CDVInvokedUrlCommand+CULPlugin.m in Sources */ = {isa = PBXBuildFile; fileRef = B87CFE3EFD5F49E0934099BE /* CDVInvokedUrlCommand+CULPlugin.m */; };
		B6E8B70E2E85418D829CCFDE /* CULHost.m in Sources */ = {isa = PBXBuildFile; fileRef = 1B8F3EF0BF6A4E25BE792157 /* CULHost.m */; };
		70021655E13741F68E4ED1C1 /* CULPath.m in Sources */ = {isa = PBXBuildFile; fileRef = 0B2CB1235C5A48F28A63D803 /* CULPath.m */; };
		1DEA92ABEC1F4E9B9AFD5D68 /* CULXmlTags.m in Sources */ = {isa = PBXBuildFile; fileRef = B40E4C5BD4534CAC9E8BE565 /* CULXmlTags.m */; };
		5E4AF95AEC7D48ACB537A874 /* CULConfigXmlParser.m in Sources */ = {isa = PBXBuildFile; fileRef = 8CA11E7EDF51456EA3825CEF /* CULConfigXmlParser.m */; };
		2A91B536A478483BAC80B17D /* NSBundle+CULPlugin.m in Sources */ = {isa = PBXBuildFile; fileRef = 456C94BF7D5F4FB690285A1B /* NSBundle+CULPlugin.m */; };
		E6476B01FB154E46ABAF9B1E /* IonicKeyboard.m in Sources */ = {isa = PBXBuildFile; fileRef = D998211FA57A45CFA03A0BDD /* IonicKeyboard.m */; };
		370CF9823C9444189F61716B /* MyApp.entitlements in Resources */ = {isa = PBXBuildFile; fileRef = F2D8A41423FE464F9058ADC3 /* MyApp.entitlements */; };
		B9FEDA39246A4B85A1FF273A /* FacebookConnectPlugin.m in Sources */ = {isa = PBXBuildFile; fileRef = 9A9C8A91D997424F91A0338B /* FacebookConnectPlugin.m */; };
		A148DCB94C1B407487AAD985 /* Bolts.framework in Frameworks */ = {isa = PBXBuildFile; fileRef = 26999918BCA14F63880BE1D1 /* Bolts.framework */; };
		D2B18FB1121B4A9BA7A25AC6 /* FBSDKCoreKit.framework in Frameworks */ = {isa = PBXBuildFile; fileRef = 6D1F99EBD08046EBB0EA40AB /* FBSDKCoreKit.framework */; };
		7625CAA290ED426B846FD72A /* FBSDKLoginKit.framework in Frameworks */ = {isa = PBXBuildFile; fileRef = 30C1FDAD0576416BBC0C73B7 /* FBSDKLoginKit.framework */; };
		6CE24AD760AC408FA5DE8274 /* FBSDKShareKit.framework in Frameworks */ = {isa = PBXBuildFile; fileRef = FF4779156F124E40BE91F28B /* FBSDKShareKit.framework */; };
/* End PBXBuildFile section */

/* Begin PBXContainerItemProxy section */
		301BF534109A57CC0062928A /* PBXContainerItemProxy */ = {
			isa = PBXContainerItemProxy;
			containerPortal = 301BF52D109A57CC0062928A /* CordovaLib.xcodeproj */;
			proxyType = 2;
			remoteGlobalIDString = D2AAC07E0554694100DB518D;
			remoteInfo = CordovaLib;
		};
		301BF550109A68C00062928A /* PBXContainerItemProxy */ = {
			isa = PBXContainerItemProxy;
			containerPortal = 301BF52D109A57CC0062928A /* CordovaLib.xcodeproj */;
			proxyType = 1;
			remoteGlobalIDString = D2AAC07D0554694100DB518D;
			remoteInfo = CordovaLib;
		};
/* End PBXContainerItemProxy section */

/* Begin PBXFileReference section */
		0207DA571B56EA530066E2B4 /* Images.xcassets */ = {isa = PBXFileReference; lastKnownFileType = folder.assetcatalog; name = Images.xcassets; path = "MyApp/Images.xcassets"; sourceTree = SOURCE_ROOT; };
		1D3623240D0F684500981E51 /* AppDelegate.h */ = {isa = PBXFileReference; fileEncoding = 4; lastKnownFileType = sourcecode.c.h; path = AppDelegate.h; sourceTree = "<group>"; };
		1D3623250D0F684500981E51 /* AppDelegate.m */ = {isa = PBXFileReference; fileEncoding = 4; lastKnownFileType = sourcecode.c.objc; path = AppDelegate.m; sourceTree = "<group>"; };
		1D6058910D05DD3D006BFB54 /* MyApp.app */ = {isa = PBXFileReference; explicitFileType = wrapper.application; includeInIndex = 0; path = "MyApp.app"; sourceTree = BUILT_PRODUCTS_DIR; };
		29B97316FDCFA39411CA2CEA /* main.m */ = {isa = PBXFileReference; fileEncoding = 4; lastKnownFileType = sourcecode.c.objc; path = main.m; sourceTree = "<group>"; };
		301BF52D109A57CC0062928A /* CordovaLib.xcodeproj */ = {isa = PBXFileReference; lastKnownFileType = "wrapper.pb-project"; path = CordovaLib/CordovaLib.xcodeproj; sourceTree = "<group>"; };
		301BF56E109A69640062928A /* www */ = {isa = PBXFileReference; lastKnownFileType = folder; path = www; sourceTree = SOURCE_ROOT; };
		302D95EE14D2391D003F00A1 /* MainViewController.h */ = {isa = PBXFileReference; fileEncoding = 4; lastKnownFileType = sourcecode.c.h; path = MainViewController.h; sourceTree = "<group>"; };
		302D95EF14D2391D003F00A1 /* MainViewController.m */ = {isa = PBXFileReference; fileEncoding = 4; lastKnownFileType = sourcecode.c.objc; path = MainViewController.m; sourceTree = "<group>"; };
		302D95F014D2391D003F00A1 /* MainViewController.xib */ = {isa = PBXFileReference; fileEncoding = 4; lastKnownFileType = file.xib; path = MainViewController.xib; sourceTree = "<group>"; };
		3047A50F1AB8059700498E2A /* build-debug.xcconfig */ = {isa = PBXFileReference; fileEncoding = 4; lastKnownFileType = text.xcconfig; name = "build-debug.xcconfig"; path = cordova/build-debug.xcconfig; sourceTree = SOURCE_ROOT; };
		3047A5101AB8059700498E2A /* build-release.xcconfig */ = {isa = PBXFileReference; fileEncoding = 4; lastKnownFileType = text.xcconfig; name = "build-release.xcconfig"; path = cordova/build-release.xcconfig; sourceTree = SOURCE_ROOT; };
		3047A5111AB8059700498E2A /* build.xcconfig */ = {isa = PBXFileReference; fileEncoding = 4; lastKnownFileType = text.xcconfig; name = build.xcconfig; path = cordova/build.xcconfig; sourceTree = SOURCE_ROOT; };
		32CA4F630368D1EE00C91783 /* MyApp-Prefix.pch */ = {isa = PBXFileReference; fileEncoding = 4; lastKnownFileType = sourcecode.c.h; path = "MyApp-Prefix.pch"; sourceTree = "<group>"; };
		6AFF5BF81D6E424B00AB3073 /* CDVLaunchScreen.storyboard */ = {isa = PBXFileReference; fileEncoding = 4; lastKnownFileType = file.storyboard; name = CDVLaunchScreen.storyboard; path = "MyApp/CDVLaunchScreen.storyboard"; sourceTree = SOURCE_ROOT; };
		8D1107310486CEB800E47090 /* MyApp-Info.plist */ = {isa = PBXFileReference; fileEncoding = 4; lastKnownFileType = text.plist.xml; name = "MyApp-Info.plist"; path = "MyApp/MyApp-Info.plist"; plistStructureDefinitionIdentifier = "com.apple.xcode.plist.structure-definition.iphone.info-plist"; sourceTree = SOURCE_ROOT; };
		EB87FDF31871DA8E0020F90C /* www */ = {isa = PBXFileReference; lastKnownFileType = folder; name = www; path = ../../www; sourceTree = "<group>"; };
		EB87FDF41871DAF40020F90C /* config.xml */ = {isa = PBXFileReference; lastKnownFileType = text.xml; name = config.xml; path = ../../config.xml; sourceTree = "<group>"; };
		F840E1F0165FE0F500CFE078 /* config.xml */ = {isa = PBXFileReference; lastKnownFileType = text.xml; name = config.xml; path = "MyApp/config.xml"; sourceTree = "<group>"; };
		ED33DF2A687741AEAF9F8254 /* Bridging-Header.h */ = {isa = PBXFileReference; fileEncoding = 4; lastKnownFileType = sourcecode.c.h; name = "Bridging-Header.h"; path = "Bridging-Header.h"; sourceTree = "<group>"; };
		FA81F04E03AC46B399ABFA14 /* CBTBrowserTab.m */ = {isa = PBXFileReference; name = "CBTBrowserTab.m"; path = "cordova-plugin-browsertab/CBTBrowserTab.m"; sourceTree = "<group>"; fileEncoding = 4; lastKnownFileType = sourcecode.c.objc; explicitFileType = undefined; includeInIndex = 0; };
		0CD18516616E404E9DE5B336 /* CBTBrowserTab.h */ = {isa = PBXFileReference; name = "CBTBrowserTab.h"; path = "cordova-plugin-browsertab/CBTBrowserTab.h"; sourceTree = "<group>"; fileEncoding = 4; lastKnownFileType = sourcecode.c.h; explicitFileType = undefined; includeInIndex = 0; };
		03101463965E41EA9F549D8A /* SafariServices.framework */ = {isa = PBXFileReference; name = "SafariServices.framework"; path = "System/Library/Frameworks/SafariServices.framework"; sourceTree = SDKROOT; fileEncoding = undefined; lastKnownFileType = wrapper.framework; explicitFileType = undefined; includeInIndex = 0; };
		102B2C917D6A468D85411736 /* CDVBuildInfo.m */ = {isa = PBXFileReference; name = "CDVBuildInfo.m"; path = "cordova-plugin-buildinfo/CDVBuildInfo.m"; sourceTree = "<group>"; fileEncoding = 4; lastKnownFileType = sourcecode.c.objc; explicitFileType = undefined; includeInIndex = 0; };
		4DD111950176410ABE321A36 /* CDVBuildInfo.h */ = {isa = PBXFileReference; name = "CDVBuildInfo.h"; path = "cordova-plugin-buildinfo/CDVBuildInfo.h"; sourceTree = "<group>"; fileEncoding = 4; lastKnownFileType = sourcecode.c.h; explicitFileType = undefined; includeInIndex = 0; };
		64982FF904D74B7A897012E7 /* UIImage+CropScaleOrientation.m */ = {isa = PBXFileReference; name = "UIImage+CropScaleOrientation.m"; path = "cordova-plugin-camera/UIImage+CropScaleOrientation.m"; sourceTree = "<group>"; fileEncoding = 4; lastKnownFileType = sourcecode.c.objc; explicitFileType = undefined; includeInIndex = 0; };
		6CC770A6F91C43B3874500DF /* CDVCamera.m */ = {isa = PBXFileReference; name = "CDVCamera.m"; path = "cordova-plugin-camera/CDVCamera.m"; sourceTree = "<group>"; fileEncoding = 4; lastKnownFileType = sourcecode.c.objc; explicitFileType = undefined; includeInIndex = 0; };
		9EAAC1B6C2774F1A97A00878 /* CDVJpegHeaderWriter.m */ = {isa = PBXFileReference; name = "CDVJpegHeaderWriter.m"; path = "cordova-plugin-camera/CDVJpegHeaderWriter.m"; sourceTree = "<group>"; fileEncoding = 4; lastKnownFileType = sourcecode.c.objc; explicitFileType = undefined; includeInIndex = 0; };
		F4362DD496E4498289A04879 /* UIImage+CropScaleOrientation.h */ = {isa = PBXFileReference; name = "UIImage+CropScaleOrientation.h"; path = "cordova-plugin-camera/UIImage+CropScaleOrientation.h"; sourceTree = "<group>"; fileEncoding = 4; lastKnownFileType = sourcecode.c.h; explicitFileType = undefined; includeInIndex = 0; };
		4A91EF16838F4716BFBEFFF5 /* CDVCamera.h */ = {isa = PBXFileReference; name = "CDVCamera.h"; path = "cordova-plugin-camera/CDVCamera.h"; sourceTree = "<group>"; fileEncoding = 4; lastKnownFileType = sourcecode.c.h; explicitFileType = undefined; includeInIndex = 0; };
		DF53F934C8884321B8A1724F /* CDVJpegHeaderWriter.h */ = {isa = PBXFileReference; name = "CDVJpegHeaderWriter.h"; path = "cordova-plugin-camera/CDVJpegHeaderWriter.h"; sourceTree = "<group>"; fileEncoding = 4; lastKnownFileType = sourcecode.c.h; explicitFileType = undefined; includeInIndex = 0; };
		D15286D412454B969D6D44DC /* CDVExif.h */ = {isa = PBXFileReference; name = "CDVExif.h"; path = "cordova-plugin-camera/CDVExif.h"; sourceTree = "<group>"; fileEncoding = 4; lastKnownFileType = sourcecode.c.h; explicitFileType = undefined; includeInIndex = 0; };
		BCFD06B9F8EB42E69C57E11E /* ImageIO.framework */ = {isa = PBXFileReference; name = "ImageIO.framework"; path = "System/Library/Frameworks/ImageIO.framework"; sourceTree = SDKROOT; fileEncoding = undefined; lastKnownFileType = wrapper.framework; explicitFileType = undefined; includeInIndex = 0; };
		1C1D6AD323DF4529BF855C89 /* CoreLocation.framework */ = {isa = PBXFileReference; name = "CoreLocation.framework"; path = "System/Library/Frameworks/CoreLocation.framework"; sourceTree = SDKROOT; fileEncoding = undefined; lastKnownFileType = wrapper.framework; explicitFileType = undefined; includeInIndex = 0; };
		96D9EB30B44E4877817231B4 /* AVFoundation.framework */ = {isa = PBXFileReference; name = "AVFoundation.framework"; path = "System/Library/Frameworks/AVFoundation.framework"; sourceTree = SDKROOT; fileEncoding = undefined; lastKnownFileType = wrapper.framework; explicitFileType = undefined; includeInIndex = 0; };
		D3F06F39FA6248789495059A /* CDVLogger.m */ = {isa = PBXFileReference; name = "CDVLogger.m"; path = "cordova-plugin-console/CDVLogger.m"; sourceTree = "<group>"; fileEncoding = 4; lastKnownFileType = sourcecode.c.objc; explicitFileType = undefined; includeInIndex = 0; };
		D1B74E91C2C746D8B8451CD4 /* CDVLogger.h */ = {isa = PBXFileReference; name = "CDVLogger.h"; path = "cordova-plugin-console/CDVLogger.h"; sourceTree = "<group>"; fileEncoding = 4; lastKnownFileType = sourcecode.c.h; explicitFileType = undefined; includeInIndex = 0; };
		9C5C2626F07E4E7EB5189C44 /* CDVDevice.m */ = {isa = PBXFileReference; name = "CDVDevice.m"; path = "cordova-plugin-device/CDVDevice.m"; sourceTree = "<group>"; fileEncoding = 4; lastKnownFileType = sourcecode.c.objc; explicitFileType = undefined; includeInIndex = 0; };
		F9FCF1365441412BA8C87ABC /* CDVDevice.h */ = {isa = PBXFileReference; name = "CDVDevice.h"; path = "cordova-plugin-device/CDVDevice.h"; sourceTree = "<group>"; fileEncoding = 4; lastKnownFileType = sourcecode.c.h; explicitFileType = undefined; includeInIndex = 0; };
		8E19901D9F574C6AA82A0935 /* CDVInAppBrowser.m */ = {isa = PBXFileReference; name = "CDVInAppBrowser.m"; path = "cordova-plugin-inappbrowser/CDVInAppBrowser.m"; sourceTree = "<group>"; fileEncoding = 4; lastKnownFileType = sourcecode.c.objc; explicitFileType = undefined; includeInIndex = 0; };
		469BA57FB0E3421EAE888851 /* CDVInAppBrowser.h */ = {isa = PBXFileReference; name = "CDVInAppBrowser.h"; path = "cordova-plugin-inappbrowser/CDVInAppBrowser.h"; sourceTree = "<group>"; fileEncoding = 4; lastKnownFileType = sourcecode.c.h; explicitFileType = undefined; includeInIndex = 0; };
		927B2A04F83A44A6B430F4F7 /* SecureStorage.m */ = {isa = PBXFileReference; name = "SecureStorage.m"; path = "cordova-plugin-secure-storage/SecureStorage.m"; sourceTree = "<group>"; fileEncoding = 4; lastKnownFileType = sourcecode.c.objc; explicitFileType = undefined; includeInIndex = 0; };
		4608CEC65A6847608C3E59B3 /* SAMKeychain.m */ = {isa = PBXFileReference; name = "SAMKeychain.m"; path = "cordova-plugin-secure-storage/SAMKeychain.m"; sourceTree = "<group>"; fileEncoding = 4; lastKnownFileType = sourcecode.c.objc; explicitFileType = undefined; includeInIndex = 0; };
		FD1ACBD89EE94E5DA116FEA9 /* SAMKeychainQuery.m */ = {isa = PBXFileReference; name = "SAMKeychainQuery.m"; path = "cordova-plugin-secure-storage/SAMKeychainQuery.m"; sourceTree = "<group>"; fileEncoding = 4; lastKnownFileType = sourcecode.c.objc; explicitFileType = undefined; includeInIndex = 0; };
		92ABEDB4E93C426FBE3B1126 /* SecureStorage.h */ = {isa = PBXFileReference; name = "SecureStorage.h"; path = "cordova-plugin-secure-storage/SecureStorage.h"; sourceTree = "<group>"; fileEncoding = 4; lastKnownFileType = sourcecode.c.h; explicitFileType = undefined; includeInIndex = 0; };
		F61F732206414A288B98C5B5 /* SAMKeychain.h */ = {isa = PBXFileReference; name = "SAMKeychain.h"; path = "cordova-plugin-secure-storage/SAMKeychain.h"; sourceTree = "<group>"; fileEncoding = 4; lastKnownFileType = sourcecode.c.h; explicitFileType = undefined; includeInIndex = 0; };
		E8881B9234824E89A0760265 /* SAMKeychainQuery.h */ = {isa = PBXFileReference; name = "SAMKeychainQuery.h"; path = "cordova-plugin-secure-storage/SAMKeychainQuery.h"; sourceTree = "<group>"; fileEncoding = 4; lastKnownFileType = sourcecode.c.h; explicitFileType = undefined; includeInIndex = 0; };
		251ABBB6EE5A4D018886AAB6 /* SAMKeychain.bundle */ = {isa = PBXFileReference; name = "SAMKeychain.bundle"; path = "SAMKeychain.bundle"; sourceTree = "<group>"; fileEncoding = undefined; lastKnownFileType = wrapper.plug-in; explicitFileType = undefined; includeInIndex = 0; };
		3679E6E371B14C47A32EE272 /* Security.framework */ = {isa = PBXFileReference; name = "Security.framework"; path = "System/Library/Frameworks/Security.framework"; sourceTree = SDKROOT; fileEncoding = undefined; lastKnownFileType = wrapper.framework; explicitFileType = undefined; includeInIndex = 0; };
		9D87436269534528B16FE101 /* CDVSplashScreen.m */ = {isa = PBXFileReference; name = "CDVSplashScreen.m"; path = "cordova-plugin-splashscreen/CDVSplashScreen.m"; sourceTree = "<group>"; fileEncoding = 4; lastKnownFileType = sourcecode.c.objc; explicitFileType = undefined; includeInIndex = 0; };
		48D7837D43BB4ECBAFF7771E /* CDVViewController+SplashScreen.m */ = {isa = PBXFileReference; name = "CDVViewController+SplashScreen.m"; path = "cordova-plugin-splashscreen/CDVViewController+SplashScreen.m"; sourceTree = "<group>"; fileEncoding = 4; lastKnownFileType = sourcecode.c.objc; explicitFileType = undefined; includeInIndex = 0; };
		A7C78F16D05B435C90C5A111 /* CDVSplashScreen.h */ = {isa = PBXFileReference; name = "CDVSplashScreen.h"; path = "cordova-plugin-splashscreen/CDVSplashScreen.h"; sourceTree = "<group>"; fileEncoding = 4; lastKnownFileType = sourcecode.c.h; explicitFileType = undefined; includeInIndex = 0; };
		628C360C5BAB4B5EB0F9C838 /* CDVViewController+SplashScreen.h */ = {isa = PBXFileReference; name = "CDVViewController+SplashScreen.h"; path = "cordova-plugin-splashscreen/CDVViewController+SplashScreen.h"; sourceTree = "<group>"; fileEncoding = 4; lastKnownFileType = sourcecode.c.h; explicitFileType = undefined; includeInIndex = 0; };
		D88CA40DCAC644E481374CEE /* CDVStatusBar.m */ = {isa = PBXFileReference; name = "CDVStatusBar.m"; path = "cordova-plugin-statusbar/CDVStatusBar.m"; sourceTree = "<group>"; fileEncoding = 4; lastKnownFileType = sourcecode.c.objc; explicitFileType = undefined; includeInIndex = 0; };
		6208BDD5D8F54201B8CF997D /* CDVStatusBar.h */ = {isa = PBXFileReference; name = "CDVStatusBar.h"; path = "cordova-plugin-statusbar/CDVStatusBar.h"; sourceTree = "<group>"; fileEncoding = 4; lastKnownFileType = sourcecode.c.h; explicitFileType = undefined; includeInIndex = 0; };
		13CA19523B614F379299F4DB /* SQLitePlugin.m */ = {isa = PBXFileReference; name = "SQLitePlugin.m"; path = "cordova-sqlite-storage/SQLitePlugin.m"; sourceTree = "<group>"; fileEncoding = 4; lastKnownFileType = sourcecode.c.objc; explicitFileType = undefined; includeInIndex = 0; };
		EEB4A580AD5944BCAFE94156 /* sqlite3.c */ = {isa = PBXFileReference; name = "sqlite3.c"; path = "cordova-sqlite-storage/sqlite3.c"; sourceTree = "<group>"; fileEncoding = undefined; lastKnownFileType = unknown; explicitFileType = undefined; includeInIndex = 0; };
		13DBCF2781CA42678B20550B /* SQLitePlugin.h */ = {isa = PBXFileReference; name = "SQLitePlugin.h"; path = "cordova-sqlite-storage/SQLitePlugin.h"; sourceTree = "<group>"; fileEncoding = 4; lastKnownFileType = sourcecode.c.h; explicitFileType = undefined; includeInIndex = 0; };
		BB19F14828034AC5A089B255 /* sqlite3.h */ = {isa = PBXFileReference; name = "sqlite3.h"; path = "cordova-sqlite-storage/sqlite3.h"; sourceTree = "<group>"; fileEncoding = 4; lastKnownFileType = sourcecode.c.h; explicitFileType = undefined; includeInIndex = 0; };
		A675F8B2B3384B21AFF7F74F /* CULPlugin.m */ = {isa = PBXFileReference; name = "CULPlugin.m"; path = "cordova-universal-links-plugin/CULPlugin.m"; sourceTree = "<group>"; fileEncoding = 4; lastKnownFileType = sourcecode.c.objc; explicitFileType = undefined; includeInIndex = 0; };
		6BC0A0A015AA4B2A956B2887 /* AppDelegate+CULPlugin.m */ = {isa = PBXFileReference; name = "AppDelegate+CULPlugin.m"; path = "cordova-universal-links-plugin/AppDelegate+CULPlugin.m"; sourceTree = "<group>"; fileEncoding = 4; lastKnownFileType = sourcecode.c.objc; explicitFileType = undefined; includeInIndex = 0; };
		DA8DDF9DAF4A4270B6AFCD1D /* CDVPluginResult+CULPlugin.m */ = {isa = PBXFileReference; name = "CDVPluginResult+CULPlugin.m"; path = "cordova-universal-links-plugin/JS/CDVPluginResult+CULPlugin.m"; sourceTree = "<group>"; fileEncoding = 4; lastKnownFileType = sourcecode.c.objc; explicitFileType = undefined; includeInIndex = 0; };
		B87CFE3EFD5F49E0934099BE /* CDVInvokedUrlCommand+CULPlugin.m */ = {isa = PBXFileReference; name = "CDVInvokedUrlCommand+CULPlugin.m"; path = "cordova-universal-links-plugin/JS/CDVInvokedUrlCommand+CULPlugin.m"; sourceTree = "<group>"; fileEncoding = 4; lastKnownFileType = sourcecode.c.objc; explicitFileType = undefined; includeInIndex = 0; };
		1B8F3EF0BF6A4E25BE792157 /* CULHost.m */ = {isa = PBXFileReference; name = "CULHost.m"; path = "cordova-universal-links-plugin/Model/CULHost.m"; sourceTree = "<group>"; fileEncoding = 4; lastKnownFileType = sourcecode.c.objc; explicitFileType = undefined; includeInIndex = 0; };
		0B2CB1235C5A48F28A63D803 /* CULPath.m */ = {isa = PBXFileReference; name = "CULPath.m"; path = "cordova-universal-links-plugin/Model/CULPath.m"; sourceTree = "<group>"; fileEncoding = 4; lastKnownFileType = sourcecode.c.objc; explicitFileType = undefined; includeInIndex = 0; };
		B40E4C5BD4534CAC9E8BE565 /* CULXmlTags.m */ = {isa = PBXFileReference; name = "CULXmlTags.m"; path = "cordova-universal-links-plugin/Parser/CULXmlTags.m"; sourceTree = "<group>"; fileEncoding = 4; lastKnownFileType = sourcecode.c.objc; explicitFileType = undefined; includeInIndex = 0; };
		8CA11E7EDF51456EA3825CEF /* CULConfigXmlParser.m */ = {isa = PBXFileReference; name = "CULConfigXmlParser.m"; path = "cordova-universal-links-plugin/Parser/CULConfigXmlParser.m"; sourceTree = "<group>"; fileEncoding = 4; lastKnownFileType = sourcecode.c.objc; explicitFileType = undefined; includeInIndex = 0; };
		456C94BF7D5F4FB690285A1B /* NSBundle+CULPlugin.m */ = {isa = PBXFileReference; name = "NSBundle+CULPlugin.m"; path = "cordova-universal-links-plugin/Utils/NSBundle+CULPlugin.m"; sourceTree = "<group>"; fileEncoding = 4; lastKnownFileType = sourcecode.c.objc; explicitFileType = undefined; includeInIndex = 0; };
		B98F59BAFDEC4822899699B4 /* CULPlugin.h */ = {isa = PBXFileReference; name = "CULPlugin.h"; path = "cordova-universal-links-plugin/CULPlugin.h"; sourceTree = "<group>"; fileEncoding = 4; lastKnownFileType = sourcecode.c.h; explicitFileType = undefined; includeInIndex = 0; };
		1B1432AE536649EE9C01B633 /* AppDelegate+CULPlugin.h */ = {isa = PBXFileReference; name = "AppDelegate+CULPlugin.h"; path = "cordova-universal-links-plugin/AppDelegate+CULPlugin.h"; sourceTree = "<group>"; fileEncoding = 4; lastKnownFileType = sourcecode.c.h; explicitFileType = undefined; includeInIndex = 0; };
		BACD1ECA29D549C1AB10FAF5 /* CDVPluginResult+CULPlugin.h */ = {isa = PBXFileReference; name = "CDVPluginResult+CULPlugin.h"; path = "cordova-universal-links-plugin/JS/CDVPluginResult+CULPlugin.h"; sourceTree = "<group>"; fileEncoding = 4; lastKnownFileType = sourcecode.c.h; explicitFileType = undefined; includeInIndex = 0; };
		34282174A7EE497C8A06966C /* CDVInvokedUrlCommand+CULPlugin.h */ = {isa = PBXFileReference; name = "CDVInvokedUrlCommand+CULPlugin.h"; path = "cordova-universal-links-plugin/JS/CDVInvokedUrlCommand+CULPlugin.h"; sourceTree = "<group>"; fileEncoding = 4; lastKnownFileType = sourcecode.c.h; explicitFileType = undefined; includeInIndex = 0; };
		86F4BE8647214AF680F3D06B /* CULHost.h */ = {isa = PBXFileReference; name = "CULHost.h"; path = "cordova-universal-links-plugin/Model/CULHost.h"; sourceTree = "<group>"; fileEncoding = 4; lastKnownFileType = sourcecode.c.h; explicitFileType = undefined; includeInIndex = 0; };
		66783B26B66F4B87A9CBB37B /* CULPath.h */ = {isa = PBXFileReference; name = "CULPath.h"; path = "cordova-universal-links-plugin/Model/CULPath.h"; sourceTree = "<group>"; fileEncoding = 4; lastKnownFileType = sourcecode.c.h; explicitFileType = undefined; includeInIndex = 0; };
		00403148165641B5ABC413A0 /* CULXmlTags.h */ = {isa = PBXFileReference; name = "CULXmlTags.h"; path = "cordova-universal-links-plugin/Parser/CULXmlTags.h"; sourceTree = "<group>"; fileEncoding = 4; lastKnownFileType = sourcecode.c.h; explicitFileType = undefined; includeInIndex = 0; };
		0E3407D1203B4440A8526FC5 /* CULConfigXmlParser.h */ = {isa = PBXFileReference; name = "CULConfigXmlParser.h"; path = "cordova-universal-links-plugin/Parser/CULConfigXmlParser.h"; sourceTree = "<group>"; fileEncoding = 4; lastKnownFileType = sourcecode.c.h; explicitFileType = undefined; includeInIndex = 0; };
		A617B2F5685E4E07830FEF8D /* NSBundle+CULPlugin.h */ = {isa = PBXFileReference; name = "NSBundle+CULPlugin.h"; path = "cordova-universal-links-plugin/Utils/NSBundle+CULPlugin.h"; sourceTree = "<group>"; fileEncoding = 4; lastKnownFileType = sourcecode.c.h; explicitFileType = undefined; includeInIndex = 0; };
		D998211FA57A45CFA03A0BDD /* IonicKeyboard.m */ = {isa = PBXFileReference; name = "IonicKeyboard.m"; path = "ionic-plugin-keyboard/IonicKeyboard.m"; sourceTree = "<group>"; fileEncoding = 4; lastKnownFileType = sourcecode.c.objc; explicitFileType = undefined; includeInIndex = 0; };
		C4357E0C931D476289342F28 /* IonicKeyboard.h */ = {isa = PBXFileReference; name = "IonicKeyboard.h"; path = "ionic-plugin-keyboard/IonicKeyboard.h"; sourceTree = "<group>"; fileEncoding = 4; lastKnownFileType = sourcecode.c.h; explicitFileType = undefined; includeInIndex = 0; };
		F2D8A41423FE464F9058ADC3 /* MyApp.entitlements */ = {isa = PBXFileReference; name = "MyApp.entitlements"; path = "MyApp.entitlements"; sourceTree = "<group>"; fileEncoding = undefined; lastKnownFileType = unknown; explicitFileType = undefined; includeInIndex = 0; };
		9A9C8A91D997424F91A0338B /* FacebookConnectPlugin.m */ = {isa = PBXFileReference; name = "FacebookConnectPlugin.m"; path = "cordova-plugin-facebook4/FacebookConnectPlugin.m"; sourceTree = "<group>"; fileEncoding = 4; lastKnownFileType = sourcecode.c.objc; explicitFileType = undefined; includeInIndex = 0; };
		B1C71F1247E14FBFBE71B448 /* FacebookConnectPlugin.h */ = {isa = PBXFileReference; name = "FacebookConnectPlugin.h"; path = "cordova-plugin-facebook4/FacebookConnectPlugin.h"; sourceTree = "<group>"; fileEncoding = 4; lastKnownFileType = sourcecode.c.h; explicitFileType = undefined; includeInIndex = 0; };
		26999918BCA14F63880BE1D1 /* Bolts.framework */ = {isa = PBXFileReference; name = "Bolts.framework"; path = "MyApp/Plugins/cordova-plugin-facebook4/Bolts.framework"; sourceTree = "<group>"; fileEncoding = undefined; lastKnownFileType = wrapper.framework; explicitFileType = undefined; includeInIndex = 0; };
		6D1F99EBD08046EBB0EA40AB /* FBSDKCoreKit.framework */ = {isa = PBXFileReference; name = "FBSDKCoreKit.framework"; path = "MyApp/Plugins/cordova-plugin-facebook4/FBSDKCoreKit.framework"; sourceTree = "<group>"; fileEncoding = undefined; lastKnownFileType = wrapper.framework; explicitFileType = undefined; includeInIndex = 0; };
		30C1FDAD0576416BBC0C73B7 /* FBSDKLoginKit.framework */ = {isa = PBXFileReference; name = "FBSDKLoginKit.framework"; path = "MyApp/Plugins/cordova-plugin-facebook4/FBSDKLoginKit.framework"; sourceTree = "<group>"; fileEncoding = undefined; lastKnownFileType = wrapper.framework; explicitFileType = undefined; includeInIndex = 0; };
		FF4779156F124E40BE91F28B /* FBSDKShareKit.framework */ = {isa = PBXFileReference; name = "FBSDKShareKit.framework"; path = "MyApp/Plugins/cordova-plugin-facebook4/FBSDKShareKit.framework"; sourceTree = "<group>"; fileEncoding = undefined; lastKnownFileType = wrapper.framework; explicitFileType = undefined; includeInIndex = 0; };
/* End PBXFileReference section */

/* Begin PBXFrameworksBuildPhase section */
		1D60588F0D05DD3D006BFB54 /* Frameworks */ = {
			isa = PBXFrameworksBuildPhase;
			buildActionMask = 2147483647;
			files = (
				301BF552109A68D80062928A /* libCordova.a in Frameworks */,
				CA301E0CC2B24FEDBA8574AC /* SafariServices.framework in Frameworks */,
				B48374D3A52D486CB5C23941 /* ImageIO.framework in Frameworks */,
				D9A50408A1D949E599653818 /* CoreLocation.framework in Frameworks */,
				4A646619533648D6AFF7BCCA /* AVFoundation.framework in Frameworks */,
				FC0556DAC9484A14AA8DB492 /* Security.framework in Frameworks */,
				A148DCB94C1B407487AAD985 /* Bolts.framework in Frameworks */,
				D2B18FB1121B4A9BA7A25AC6 /* FBSDKCoreKit.framework in Frameworks */,
				7625CAA290ED426B846FD72A /* FBSDKLoginKit.framework in Frameworks */,
				6CE24AD760AC408FA5DE8274 /* FBSDKShareKit.framework in Frameworks */,
			);
			runOnlyForDeploymentPostprocessing = 0;
		};
/* End PBXFrameworksBuildPhase section */

/* Begin PBXGroup section */
		080E96DDFE201D6D7F000001 /* Classes */ = {
			isa = PBXGroup;
			children = (
				302D95EE14D2391D003F00A1 /* MainViewController.h */,
				302D95EF14D2391D003F00A1 /* MainViewController.m */,
				302D95F014D2391D003F00A1 /* MainViewController.xib */,
				1D3623240D0F684500981E51 /* AppDelegate.h */,
				1D3623250D0F684500981E51 /* AppDelegate.m */,
			);
			name = Classes;
			path = "MyApp/Classes";
			sourceTree = SOURCE_ROOT;
		};
		19C28FACFE9D520D11CA2CBB /* Products */ = {
			isa = PBXGroup;
			children = (
				1D6058910D05DD3D006BFB54 /* MyApp.app */,
			);
			name = Products;
			sourceTree = "<group>";
		};
		29B97314FDCFA39411CA2CEA /* CustomTemplate */ = {
			isa = PBXGroup;
			children = (
				EB87FDF41871DAF40020F90C /* config.xml */,
				EB87FDF31871DA8E0020F90C /* www */,
				EB87FDF11871DA420020F90C /* Staging */,
				301BF52D109A57CC0062928A /* CordovaLib.xcodeproj */,
				080E96DDFE201D6D7F000001 /* Classes */,
				307C750510C5A3420062BCA9 /* Plugins */,
				29B97315FDCFA39411CA2CEA /* Other Sources */,
				29B97317FDCFA39411CA2CEA /* Resources */,
				29B97323FDCFA39411CA2CEA /* Frameworks */,
				19C28FACFE9D520D11CA2CBB /* Products */,
			);
			name = CustomTemplate;
			sourceTree = "<group>";
		};
		29B97315FDCFA39411CA2CEA /* Other Sources */ = {
			isa = PBXGroup;
			children = (
				32CA4F630368D1EE00C91783 /* MyApp-Prefix.pch */,
				29B97316FDCFA39411CA2CEA /* main.m */,
				ED33DF2A687741AEAF9F8254 /* Bridging-Header.h */,
			);
			name = "Other Sources";
			path = "MyApp";
			sourceTree = "<group>";
		};
		29B97317FDCFA39411CA2CEA /* Resources */ = {
			isa = PBXGroup;
			children = (
				0207DA571B56EA530066E2B4 /* Images.xcassets */,
				3047A50E1AB8057F00498E2A /* config */,
				8D1107310486CEB800E47090 /* MyApp-Info.plist */,
				6AFF5BF81D6E424B00AB3073 /* CDVLaunchScreen.storyboard */,
				251ABBB6EE5A4D018886AAB6 /* SAMKeychain.bundle */,
				F2D8A41423FE464F9058ADC3 /* MyApp.entitlements */,
			);
			name = Resources;
			path = "MyApp/Resources";
			sourceTree = "<group>";
		};
		29B97323FDCFA39411CA2CEA /* Frameworks */ = {
			isa = PBXGroup;
			children = (
				03101463965E41EA9F549D8A /* SafariServices.framework */,
				BCFD06B9F8EB42E69C57E11E /* ImageIO.framework */,
				1C1D6AD323DF4529BF855C89 /* CoreLocation.framework */,
				96D9EB30B44E4877817231B4 /* AVFoundation.framework */,
				3679E6E371B14C47A32EE272 /* Security.framework */,
				26999918BCA14F63880BE1D1 /* Bolts.framework */,
				6D1F99EBD08046EBB0EA40AB /* FBSDKCoreKit.framework */,
				30C1FDAD0576416BBC0C73B7 /* FBSDKLoginKit.framework */,
				FF4779156F124E40BE91F28B /* FBSDKShareKit.framework */,
			);
			name = Frameworks;
			sourceTree = "<group>";
		};
		301BF52E109A57CC0062928A /* Products */ = {
			isa = PBXGroup;
			children = (
				301BF535109A57CC0062928A /* libCordova.a */,
			);
			name = Products;
			sourceTree = "<group>";
		};
		3047A50E1AB8057F00498E2A /* config */ = {
			isa = PBXGroup;
			children = (
				3047A50F1AB8059700498E2A /* build-debug.xcconfig */,
				3047A5101AB8059700498E2A /* build-release.xcconfig */,
				3047A5111AB8059700498E2A /* build.xcconfig */,
			);
			name = config;
			sourceTree = "<group>";
		};
		307C750510C5A3420062BCA9 /* Plugins */ = {
			isa = PBXGroup;
			children = (
				FA81F04E03AC46B399ABFA14 /* CBTBrowserTab.m */,
				0CD18516616E404E9DE5B336 /* CBTBrowserTab.h */,
				102B2C917D6A468D85411736 /* CDVBuildInfo.m */,
				4DD111950176410ABE321A36 /* CDVBuildInfo.h */,
				64982FF904D74B7A897012E7 /* UIImage+CropScaleOrientation.m */,
				6CC770A6F91C43B3874500DF /* CDVCamera.m */,
				9EAAC1B6C2774F1A97A00878 /* CDVJpegHeaderWriter.m */,
				F4362DD496E4498289A04879 /* UIImage+CropScaleOrientation.h */,
				4A91EF16838F4716BFBEFFF5 /* CDVCamera.h */,
				DF53F934C8884321B8A1724F /* CDVJpegHeaderWriter.h */,
				D15286D412454B969D6D44DC /* CDVExif.h */,
				D3F06F39FA6248789495059A /* CDVLogger.m */,
				D1B74E91C2C746D8B8451CD4 /* CDVLogger.h */,
				9C5C2626F07E4E7EB5189C44 /* CDVDevice.m */,
				F9FCF1365441412BA8C87ABC /* CDVDevice.h */,
				8E19901D9F574C6AA82A0935 /* CDVInAppBrowser.m */,
				469BA57FB0E3421EAE888851 /* CDVInAppBrowser.h */,
				927B2A04F83A44A6B430F4F7 /* SecureStorage.m */,
				4608CEC65A6847608C3E59B3 /* SAMKeychain.m */,
				FD1ACBD89EE94E5DA116FEA9 /* SAMKeychainQuery.m */,
				92ABEDB4E93C426FBE3B1126 /* SecureStorage.h */,
				F61F732206414A288B98C5B5 /* SAMKeychain.h */,
				E8881B9234824E89A0760265 /* SAMKeychainQuery.h */,
				9D87436269534528B16FE101 /* CDVSplashScreen.m */,
				48D7837D43BB4ECBAFF7771E /* CDVViewController+SplashScreen.m */,
				A7C78F16D05B435C90C5A111 /* CDVSplashScreen.h */,
				628C360C5BAB4B5EB0F9C838 /* CDVViewController+SplashScreen.h */,
				D88CA40DCAC644E481374CEE /* CDVStatusBar.m */,
				6208BDD5D8F54201B8CF997D /* CDVStatusBar.h */,
				13CA19523B614F379299F4DB /* SQLitePlugin.m */,
				EEB4A580AD5944BCAFE94156 /* sqlite3.c */,
				13DBCF2781CA42678B20550B /* SQLitePlugin.h */,
				BB19F14828034AC5A089B255 /* sqlite3.h */,
				A675F8B2B3384B21AFF7F74F /* CULPlugin.m */,
				6BC0A0A015AA4B2A956B2887 /* AppDelegate+CULPlugin.m */,
				DA8DDF9DAF4A4270B6AFCD1D /* CDVPluginResult+CULPlugin.m */,
				B87CFE3EFD5F49E0934099BE /* CDVInvokedUrlCommand+CULPlugin.m */,
				1B8F3EF0BF6A4E25BE792157 /* CULHost.m */,
				0B2CB1235C5A48F28A63D803 /* CULPath.m */,
				B40E4C5BD4534CAC9E8BE565 /* CULXmlTags.m */,
				8CA11E7EDF51456EA3825CEF /* CULConfigXmlParser.m */,
				456C94BF7D5F4FB690285A1B /* NSBundle+CULPlugin.m */,
				B98F59BAFDEC4822899699B4 /* CULPlugin.h */,
				1B1432AE536649EE9C01B633 /* AppDelegate+CULPlugin.h */,
				BACD1ECA29D549C1AB10FAF5 /* CDVPluginResult+CULPlugin.h */,
				34282174A7EE497C8A06966C /* CDVInvokedUrlCommand+CULPlugin.h */,
				86F4BE8647214AF680F3D06B /* CULHost.h */,
				66783B26B66F4B87A9CBB37B /* CULPath.h */,
				00403148165641B5ABC413A0 /* CULXmlTags.h */,
				0E3407D1203B4440A8526FC5 /* CULConfigXmlParser.h */,
				A617B2F5685E4E07830FEF8D /* NSBundle+CULPlugin.h */,
				D998211FA57A45CFA03A0BDD /* IonicKeyboard.m */,
				C4357E0C931D476289342F28 /* IonicKeyboard.h */,
				9A9C8A91D997424F91A0338B /* FacebookConnectPlugin.m */,
				B1C71F1247E14FBFBE71B448 /* FacebookConnectPlugin.h */,
			);
			name = Plugins;
			path = "MyApp/Plugins";
			sourceTree = SOURCE_ROOT;
		};
		EB87FDF11871DA420020F90C /* Staging */ = {
			isa = PBXGroup;
			children = (
				F840E1F0165FE0F500CFE078 /* config.xml */,
				301BF56E109A69640062928A /* www */,
			);
			name = Staging;
			sourceTree = "<group>";
		};
/* End PBXGroup section */

/* Begin PBXNativeTarget section */
		1D6058900D05DD3D006BFB54 /* MyApp */ = {
			isa = PBXNativeTarget;
			buildConfigurationList = 1D6058960D05DD3E006BFB54 /* Build configuration list for PBXNativeTarget "MyApp" */;
			buildPhases = (
				304B58A110DAC018002A0835 /* Copy www directory */,
				1D60588D0D05DD3D006BFB54 /* Resources */,
				1D60588E0D05DD3D006BFB54 /* Sources */,
				1D60588F0D05DD3D006BFB54 /* Frameworks */,
			);
			buildRules = (
			);
			dependencies = (
				301BF551109A68C00062928A /* PBXTargetDependency */,
			);
			name = "MyApp";
			productName = "MyApp";
			productReference = 1D6058910D05DD3D006BFB54 /* MyApp.app */;
			productType = "com.apple.product-type.application";
		};
/* End PBXNativeTarget section */

/* Begin PBXProject section */
		29B97313FDCFA39411CA2CEA /* Project object */ = {
			isa = PBXProject;
			attributes = {
				LastUpgradeCheck = 510;
			};
			buildConfigurationList = C01FCF4E08A954540054247B /* Build configuration list for PBXProject "__NON-CLI__" */;
			compatibilityVersion = "Xcode 3.2";
			developmentRegion = English;
			hasScannedForEncodings = 1;
			mainGroup = 29B97314FDCFA39411CA2CEA /* CustomTemplate */;
			projectDirPath = "";
			projectReferences = (
				{
					ProductGroup = 301BF52E109A57CC0062928A /* Products */;
					ProjectRef = 301BF52D109A57CC0062928A /* CordovaLib.xcodeproj */;
				},
			);
			projectRoot = "";
			targets = (
				1D6058900D05DD3D006BFB54 /* MyApp */,
			);
		};
/* End PBXProject section */

/* Begin PBXReferenceProxy section */
		301BF535109A57CC0062928A /* libCordova.a */ = {
			isa = PBXReferenceProxy;
			fileType = archive.ar;
			path = libCordova.a;
			remoteRef = 301BF534109A57CC0062928A /* PBXContainerItemProxy */;
			sourceTree = BUILT_PRODUCTS_DIR;
		};
/* End PBXReferenceProxy section */

/* Begin PBXResourcesBuildPhase section */
		1D60588D0D05DD3D006BFB54 /* Resources */ = {
			isa = PBXResourcesBuildPhase;
			buildActionMask = 2147483647;
			files = (
				302D95F214D2391D003F00A1 /* MainViewController.xib in Resources */,
				0207DA581B56EA530066E2B4 /* Images.xcassets in Resources */,
				6AFF5BF91D6E424B00AB3073 /* CDVLaunchScreen.storyboard in Resources */,
				247FB2310A204C5285659151 /* SAMKeychain.bundle in Resources */,
				370CF9823C9444189F61716B /* MyApp.entitlements in Resources */,
			);
			runOnlyForDeploymentPostprocessing = 0;
		};
/* End PBXResourcesBuildPhase section */

/* Begin PBXShellScriptBuildPhase section */
		304B58A110DAC018002A0835 /* Copy www directory */ = {
			isa = PBXShellScriptBuildPhase;
			buildActionMask = 2147483647;
			files = (
			);
			inputPaths = (
			);
			name = "Copy www directory";
			outputPaths = (
			);
			runOnlyForDeploymentPostprocessing = 0;
			shellPath = /bin/sh;
			shellScript = "NODEJS_PATH=/usr/local/bin; NVM_NODE_PATH=~/.nvm/versions/node/`nvm version 2>/dev/null`/bin; N_NODE_PATH=`find /usr/local/n/versions/node/* -maxdepth 0 -type d 2>/dev/null | tail -1`/bin; XCODE_NODE_PATH=`xcode-select --print-path`/usr/share/xcs/Node/bin; PATH=$NODEJS_PATH:$NVM_NODE_PATH:$N_NODE_PATH:$XCODE_NODE_PATH:$PATH && node cordova/lib/copy-www-build-step.js";
			showEnvVarsInLog = 0;
		};
/* End PBXShellScriptBuildPhase section */

/* Begin PBXSourcesBuildPhase section */
		1D60588E0D05DD3D006BFB54 /* Sources */ = {
			isa = PBXSourcesBuildPhase;
			buildActionMask = 2147483647;
			files = (
				1D60589B0D05DD56006BFB54 /* main.m in Sources */,
				1D3623260D0F684500981E51 /* AppDelegate.m in Sources */,
				302D95F114D2391D003F00A1 /* MainViewController.m in Sources */,
				536E4FE622F043899B48E2ED /* CBTBrowserTab.m in Sources */,
				F52E456910BF4C7FAE757030 /* CDVBuildInfo.m in Sources */,
				22FFA04724A44A49A619BF44 /* UIImage+CropScaleOrientation.m in Sources */,
				2A5E6C2C3E934F2291C17E7A /* CDVCamera.m in Sources */,
				65F0296E1FA04A5F995F51F3 /* CDVJpegHeaderWriter.m in Sources */,
				4A09C402A18A4DFAB1781D03 /* CDVLogger.m in Sources */,
				697BD58E6EBE4EDE887A0335 /* CDVDevice.m in Sources */,
				323DB4B55EEF451EA6771C17 /* CDVInAppBrowser.m in Sources */,
				2AEDC7633F7D4242809D3A69 /* SecureStorage.m in Sources */,
				9991E96B9AF6458CAAAD0718 /* SAMKeychain.m in Sources */,
				BCCA8515FA86440DA7A8D0F9 /* SAMKeychainQuery.m in Sources */,
				6EA943A737344EFD8395FDEB /* CDVSplashScreen.m in Sources */,
				5D86CF2E0B834344A9595C55 /* CDVViewController+SplashScreen.m in Sources */,
				41675A4157AC44D4A5380D93 /* CDVStatusBar.m in Sources */,
				7A11E5FA96B0446A883A4D26 /* SQLitePlugin.m in Sources */,
				7DA7DFD0D1CB4C43B36DDFD6 /* sqlite3.c in Resources */,
				AF3300C37E954AD6A4C0D04D /* CULPlugin.m in Sources */,
				C9443782424A46D79BB6845D /* AppDelegate+CULPlugin.m in Sources */,
				D3DD846AEF9244E7BA0BA70F /* CDVPluginResult+CULPlugin.m in Sources */,
				5F7E0CE73DC1402BBC200B9D /* CDVInvokedUrlCommand+CULPlugin.m in Sources */,
				B6E8B70E2E85418D829CCFDE /* CULHost.m in Sources */,
				70021655E13741F68E4ED1C1 /* CULPath.m in Sources */,
				1DEA92ABEC1F4E9B9AFD5D68 /* CULXmlTags.m in Sources */,
				5E4AF95AEC7D48ACB537A874 /* CULConfigXmlParser.m in Sources */,
				2A91B536A478483BAC80B17D /* NSBundle+CULPlugin.m in Sources */,
				E6476B01FB154E46ABAF9B1E /* IonicKeyboard.m in Sources */,
				B9FEDA39246A4B85A1FF273A /* FacebookConnectPlugin.m in Sources */,
			);
			runOnlyForDeploymentPostprocessing = 0;
		};
/* End PBXSourcesBuildPhase section */

/* Begin PBXTargetDependency section */
		301BF551109A68C00062928A /* PBXTargetDependency */ = {
			isa = PBXTargetDependency;
			name = CordovaLib;
			targetProxy = 301BF550109A68C00062928A /* PBXContainerItemProxy */;
		};
/* End PBXTargetDependency section */

/* Begin XCBuildConfiguration section */
		1D6058940D05DD3E006BFB54 /* Debug */ = {
			isa = XCBuildConfiguration;
			baseConfigurationReference = 3047A50F1AB8059700498E2A /* build-debug.xcconfig */;
			buildSettings = {
				ALWAYS_SEARCH_USER_PATHS = NO;
				ASSETCATALOG_COMPILER_APPICON_NAME = AppIcon;
				ASSETCATALOG_COMPILER_LAUNCHIMAGE_NAME = LaunchImage;
				CLANG_ENABLE_MODULES = YES;
				CLANG_ENABLE_OBJC_ARC = YES;
				COPY_PHASE_STRIP = NO;
				GCC_DYNAMIC_NO_PIC = NO;
				GCC_OPTIMIZATION_LEVEL = 0;
				GCC_PRECOMPILE_PREFIX_HEADER = YES;
				GCC_PREFIX_HEADER = "MyApp/MyApp-Prefix.pch";
				GCC_THUMB_SUPPORT = NO;
				GCC_VERSION = "";
				INFOPLIST_FILE = "MyApp/MyApp-Info.plist";
				IPHONEOS_DEPLOYMENT_TARGET = 9.0;
				LD_RUNPATH_SEARCH_PATHS = "@executable_path/Frameworks";
				TARGETED_DEVICE_FAMILY = "1,2";
				PRODUCT_NAME = "MyApp";
				FRAMEWORK_SEARCH_PATHS = (
					"$(inherited)",
					"\"MyApp/Plugins/cordova-plugin-facebook4\"",
					"\"MyApp/Plugins/cordova-plugin-facebook4\"",
					"\"MyApp/Plugins/cordova-plugin-facebook4\"",
					"\"MyApp/Plugins/cordova-plugin-facebook4\"",
					"\"MyApp/Plugins/cordova-plugin-facebook4\"",
					"\"MyApp/Plugins/cordova-plugin-facebook4\"",
					"\"MyApp/Plugins/cordova-plugin-facebook4\"",
					"\"MyApp/Plugins/cordova-plugin-facebook4\"",
					"\"MyApp/Plugins/cordova-plugin-facebook4\"",
					"\"MyApp/Plugins/cordova-plugin-facebook4\"",
					"\"MyApp/Plugins/cordova-plugin-facebook4\"",
					"\"MyApp/Plugins/cordova-plugin-facebook4\"",
				);
				CODE_SIGN_ENTITLEMENTS = "MyApp/Resources/MyApp.entitlements";
			};
			name = Debug;
		};
		1D6058950D05DD3E006BFB54 /* Release */ = {
			isa = XCBuildConfiguration;
			baseConfigurationReference = 3047A5101AB8059700498E2A /* build-release.xcconfig */;
			buildSettings = {
				ALWAYS_SEARCH_USER_PATHS = NO;
				ASSETCATALOG_COMPILER_APPICON_NAME = AppIcon;
				ASSETCATALOG_COMPILER_LAUNCHIMAGE_NAME = LaunchImage;
				CLANG_ENABLE_MODULES = YES;
				CLANG_ENABLE_OBJC_ARC = YES;
				COPY_PHASE_STRIP = YES;
				GCC_PRECOMPILE_PREFIX_HEADER = YES;
				GCC_PREFIX_HEADER = "MyApp/MyApp-Prefix.pch";
				GCC_THUMB_SUPPORT = NO;
				GCC_VERSION = "";
				INFOPLIST_FILE = "MyApp/MyApp-Info.plist";
				IPHONEOS_DEPLOYMENT_TARGET = 9.0;
				LD_RUNPATH_SEARCH_PATHS = "@executable_path/Frameworks";
				TARGETED_DEVICE_FAMILY = "1,2";
				PRODUCT_NAME = "MyApp";
				FRAMEWORK_SEARCH_PATHS = (
					"$(inherited)",
					"\"MyApp/Plugins/cordova-plugin-facebook4\"",
					"\"MyApp/Plugins/cordova-plugin-facebook4\"",
					"\"MyApp/Plugins/cordova-plugin-facebook4\"",
					"\"MyApp/Plugins/cordova-plugin-facebook4\"",
					"\"MyApp/Plugins/cordova-plugin-facebook4\"",
					"\"MyApp/Plugins/cordova-plugin-facebook4\"",
					"\"MyApp/Plugins/cordova-plugin-facebook4\"",
					"\"MyApp/Plugins/cordova-plugin-facebook4\"",
					"\"MyApp/Plugins/cordova-plugin-facebook4\"",
					"\"MyApp/Plugins/cordova-plugin-facebook4\"",
					"\"MyApp/Plugins/cordova-plugin-facebook4\"",
					"\"MyApp/Plugins/cordova-plugin-facebook4\"",
				);
				CODE_SIGN_ENTITLEMENTS = "MyApp/Resources/MyApp.entitlements";
			};
			name = Release;
		};
		C01FCF4F08A954540054247B /* Debug */ = {
			isa = XCBuildConfiguration;
			baseConfigurationReference = 3047A5111AB8059700498E2A /* build.xcconfig */;
			buildSettings = {
				CLANG_ENABLE_MODULES = YES;
				CLANG_ENABLE_OBJC_ARC = YES;
				CLANG_WARN_BOOL_CONVERSION = YES;
				CLANG_WARN_CONSTANT_CONVERSION = YES;
				CLANG_WARN_EMPTY_BODY = YES;
				CLANG_WARN_ENUM_CONVERSION = YES;
				CLANG_WARN_INT_CONVERSION = YES;
				CLANG_WARN__DUPLICATE_METHOD_MATCH = YES;
				GCC_C_LANGUAGE_STANDARD = c99;
				GCC_THUMB_SUPPORT = NO;
				GCC_VERSION = "";
				GCC_WARN_ABOUT_RETURN_TYPE = YES;
				GCC_WARN_UNDECLARED_SELECTOR = YES;
				GCC_WARN_UNINITIALIZED_AUTOS = YES;
				GCC_WARN_UNUSED_FUNCTION = YES;
				GCC_WARN_UNUSED_VARIABLE = YES;
				ONLY_ACTIVE_ARCH = YES;
				SDKROOT = iphoneos;
				SKIP_INSTALL = NO;
				ASSETCATALOG_COMPILER_LAUNCHIMAGE_NAME = LaunchImage;
				CODE_SIGN_ENTITLEMENTS = "MyApp/Resources/MyApp.entitlements";
				IPHONEOS_DEPLOYMENT_TARGET = 8.0;
			};
			name = Debug;
		};
		C01FCF5008A954540054247B /* Release */ = {
			isa = XCBuildConfiguration;
			baseConfigurationReference = 3047A5111AB8059700498E2A /* build.xcconfig */;
			buildSettings = {
				CLANG_ENABLE_MODULES = YES;
				CLANG_ENABLE_OBJC_ARC = YES;
				CLANG_WARN_BOOL_CONVERSION = YES;
				CLANG_WARN_CONSTANT_CONVERSION = YES;
				CLANG_WARN_EMPTY_BODY = YES;
				CLANG_WARN_ENUM_CONVERSION = YES;
				CLANG_WARN_INT_CONVERSION = YES;
				CLANG_WARN__DUPLICATE_METHOD_MATCH = YES;
				GCC_C_LANGUAGE_STANDARD = c99;
				GCC_THUMB_SUPPORT = NO;
				GCC_VERSION = "";
				GCC_WARN_ABOUT_RETURN_TYPE = YES;
				GCC_WARN_UNDECLARED_SELECTOR = YES;
				GCC_WARN_UNINITIALIZED_AUTOS = YES;
				GCC_WARN_UNUSED_FUNCTION = YES;
				GCC_WARN_UNUSED_VARIABLE = YES;
				SDKROOT = iphoneos;
				SKIP_INSTALL = NO;
				ASSETCATALOG_COMPILER_LAUNCHIMAGE_NAME = LaunchImage;
				CODE_SIGN_ENTITLEMENTS = "MyApp/Resources/MyApp.entitlements";
				IPHONEOS_DEPLOYMENT_TARGET = 8.0;
			};
			name = Release;
		};
/* End XCBuildConfiguration section */

/* Begin XCConfigurationList section */
		1D6058960D05DD3E006BFB54 /* Build configuration list for PBXNativeTarget "MyApp" */ = {
			isa = XCConfigurationList;
			buildConfigurations = (
				1D6058940D05DD3E006BFB54 /* Debug */,
				1D6058950D05DD3E006BFB54 /* Release */,
			);
			defaultConfigurationIsVisible = 0;
			defaultConfigurationName = Release;
		};
		C01FCF4E08A954540054247B /* Build configuration list for PBXProject "__NON-CLI__" */ = {
			isa = XCConfigurationList;
			buildConfigurations = (
				C01FCF4F08A954540054247B /* Debug */,
				C01FCF5008A954540054247B /* Release */,
			);
			defaultConfigurationIsVisible = 0;
			defaultConfigurationName = Release;
		};
/* End XCConfigurationList section */
	};
	rootObject = 29B97313FDCFA39411CA2CEA /* Project object */;
}
